
Microsoft Visual Studio Solution File, Format Version 12.00
# Visual Studio Version 17
VisualStudioVersion = 17.10.35013.160
MinimumVisualStudioVersion = 10.0.40219.1
Project("{FAE04EC0-301F-11D3-BF4B-00C04F79EFBC}") = "MPDSDF1", "MPDSDF1\MPDSDF1.csproj", "{980D06EA-2EFD-4517-AF55-C30D7F8DEF4A}"
EndProject
Global
	GlobalSection(SolutionConfigurationPlatforms) = preSolution
		Debug|Any CPU = Debug|Any CPU
		Release|Any CPU = Release|Any CPU
	EndGlobalSection
	GlobalSection(ProjectConfigurationPlatforms) = postSolution
		{980D06EA-2EFD-4517-AF55-C30D7F8DEF4A}.Debug|Any CPU.ActiveCfg = Debug|Any CPU
		{980D06EA-2EFD-4517-AF55-C30D7F8DEF4A}.Debug|Any CPU.Build.0 = Debug|Any CPU
		{980D06EA-2EFD-4517-AF55-C30D7F8DEF4A}.Release|Any CPU.ActiveCfg = Release|Any CPU
		{980D06EA-2EFD-4517-AF55-C30D7F8DEF4A}.Release|Any CPU.Build.0 = Release|Any CPU
	EndGlobalSection
	GlobalSection(SolutionProperties) = preSolution
		HideSolutionNode = FALSE
	EndGlobalSection
	GlobalSection(ExtensibilityGlobals) = postSolution
		SolutionGuid = {6B6F715C-B2A2-48E0-8DCF-C12E70938C5C}
	EndGlobalSection
EndGlobal
